<Solution>
  <Folder Name="/Элементы решения/">
    <File Path=".env" />
    <File Path=".gitignore" />
    <File Path="README.md" />
  </Folder>
  <Project Path="Application/Application.csproj" />
  <Project Path="docker-compose.dcproj">
    <Build />
  </Project>
  <Project Path="Domain/Domain.csproj" />
  <Project Path="Infrastructure/Infrastructure.csproj" />
  <Project Path="Web/Web.csproj" />
</Solution>
